
Microsoft Visual Studio Solution File, Format Version 12.00
# Visual Studio Version 16
VisualStudioVersion = 16.0.29905.134
MinimumVisualStudioVersion = 10.0.40219.1
Project("{FAE04EC0-301F-11D3-BF4B-00C04F79EFBC}") = "WindowsFormsDB", "WindowsFormsDB\WindowsFormsDB.csproj", "{C5222271-D28E-45BB-962E-84CB9C8F6856}"
EndProject
Global
	GlobalSection(SolutionConfigurationPlatforms) = preSolution
		Debug|Any CPU = Debug|Any CPU
		Release|Any CPU = Release|Any CPU
	EndGlobalSection
	GlobalSection(ProjectConfigurationPlatforms) = postSolution
		{C5222271-D28E-45BB-962E-84CB9C8F6856}.Debug|Any CPU.ActiveCfg = Debug|Any CPU
		{C5222271-D28E-45BB-962E-84CB9C8F6856}.Debug|Any CPU.Build.0 = Debug|Any CPU
		{C5222271-D28E-45BB-962E-84CB9C8F6856}.Release|Any CPU.ActiveCfg = Release|Any CPU
		{C5222271-D28E-45BB-962E-84CB9C8F6856}.Release|Any CPU.Build.0 = Release|Any CPU
	EndGlobalSection
	GlobalSection(SolutionProperties) = preSolution
		HideSolutionNode = FALSE
	EndGlobalSection
	GlobalSection(ExtensibilityGlobals) = postSolution
		SolutionGuid = {37DF86FA-74AC-4ADB-9BF8-DD67C7A5C0DE}
	EndGlobalSection
EndGlobal
